
Microsoft Visual Studio Solution File, Format Version 12.00
# Visual Studio Version 16
VisualStudioVersion = 16.0.30804.86
MinimumVisualStudioVersion = 10.0.40219.1
Project("{2150E333-8FDC-42A3-9474-1A3956D46DE8}") = "__BuildAndDeploy", "__BuildAndDeploy", "{3D36916B-2367-4624-BDCF-864173796B30}"
	ProjectSection(SolutionItems) = preProject
		..\build-release-notes.ps1 = ..\build-release-notes.ps1
		..\.github\workflows\build.yml = ..\.github\workflows\build.yml
		..\Bump-Version.ps1 = ..\Bump-Version.ps1
		..\Create-Release.ps1 = ..\Create-Release.ps1
		..\Reset-WipReleaseNotes.ps1 = ..\Reset-WipReleaseNotes.ps1
		..\Set-Version.ps1 = ..\Set-Version.ps1
		..\version.txt = ..\version.txt
		Directory.Build.props = Directory.Build.props
		..\.github\workflows\gh-pages.yml = ..\.github\workflows\gh-pages.yml
	EndProjectSection
EndProject
Project("{2150E333-8FDC-42A3-9474-1A3956D46DE8}") = "__Documentation", "__Documentation", "{61C05782-A253-4EDD-9463-04912EB73870}"
	ProjectSection(SolutionItems) = preProject
		..\release-notes\full-release-notes.md = ..\release-notes\full-release-notes.md
		..\LICENSE = ..\LICENSE
		..\README.md = ..\README.md
		..\release-notes\wip-release-notes.md = ..\release-notes\wip-release-notes.md
	EndProjectSection
EndProject
Project("{FAE04EC0-301F-11D3-BF4B-00C04F79EFBC}") = "Stravaig.Clock", "Stravaig.Clock\Stravaig.Clock.csproj", "{AE473498-518B-4F76-B3A3-3706BBF5548C}"
EndProject
Project("{2150E333-8FDC-42A3-9474-1A3956D46DE8}") = "Packages", "Packages", "{DAD36D7E-BF85-4C20-A7F2-78D43F780DC7}"
EndProject
Project("{2150E333-8FDC-42A3-9474-1A3956D46DE8}") = "Tests", "Tests", "{4B817C83-EC62-4119-9D47-54054AA05FB2}"
EndProject
Project("{FAE04EC0-301F-11D3-BF4B-00C04F79EFBC}") = "Stravaig.Clock.DependencyInjection", "Stravaig.Clock.DependencyInjection\Stravaig.Clock.DependencyInjection.csproj", "{2012E763-061A-45A9-B3FF-F5F6F01CCF32}"
EndProject
Project("{FAE04EC0-301F-11D3-BF4B-00C04F79EFBC}") = "Stravaig.Clock.Testing", "Stravaig.Clock.Testing\Stravaig.Clock.Testing.csproj", "{45E856E1-A62C-470A-B490-BF8F695970DE}"
EndProject
Project("{FAE04EC0-301F-11D3-BF4B-00C04F79EFBC}") = "Stravaig.Clock.Tests", "Stravaig.Clock.Tests\Stravaig.Clock.Tests.csproj", "{A595F4C7-5AA9-4268-A1DB-9BC67F26E2FB}"
EndProject
Project("{2150E333-8FDC-42A3-9474-1A3956D46DE8}") = "__Style", "__Style", "{9A7A82FB-082B-43F9-B843-4C3C44E461AF}"
	ProjectSection(SolutionItems) = preProject
		.editorconfig = .editorconfig
		stylecop.json = stylecop.json
	EndProjectSection
EndProject
Global
	GlobalSection(SolutionProperties) = preSolution
		HideSolutionNode = FALSE
	EndGlobalSection
	GlobalSection(ExtensibilityGlobals) = postSolution
		SolutionGuid = {064958BE-42C5-4268-8132-49EF6D009D99}
	EndGlobalSection
	GlobalSection(ProjectConfigurationPlatforms) = postSolution
		{AE473498-518B-4F76-B3A3-3706BBF5548C}.Debug|Any CPU.ActiveCfg = Debug|Any CPU
		{AE473498-518B-4F76-B3A3-3706BBF5548C}.Debug|Any CPU.Build.0 = Debug|Any CPU
		{AE473498-518B-4F76-B3A3-3706BBF5548C}.Release|Any CPU.ActiveCfg = Release|Any CPU
		{AE473498-518B-4F76-B3A3-3706BBF5548C}.Release|Any CPU.Build.0 = Release|Any CPU
		{2012E763-061A-45A9-B3FF-F5F6F01CCF32}.Debug|Any CPU.ActiveCfg = Debug|Any CPU
		{2012E763-061A-45A9-B3FF-F5F6F01CCF32}.Debug|Any CPU.Build.0 = Debug|Any CPU
		{2012E763-061A-45A9-B3FF-F5F6F01CCF32}.Release|Any CPU.ActiveCfg = Release|Any CPU
		{2012E763-061A-45A9-B3FF-F5F6F01CCF32}.Release|Any CPU.Build.0 = Release|Any CPU
		{45E856E1-A62C-470A-B490-BF8F695970DE}.Debug|Any CPU.ActiveCfg = Debug|Any CPU
		{45E856E1-A62C-470A-B490-BF8F695970DE}.Debug|Any CPU.Build.0 = Debug|Any CPU
		{45E856E1-A62C-470A-B490-BF8F695970DE}.Release|Any CPU.ActiveCfg = Release|Any CPU
		{45E856E1-A62C-470A-B490-BF8F695970DE}.Release|Any CPU.Build.0 = Release|Any CPU
		{A595F4C7-5AA9-4268-A1DB-9BC67F26E2FB}.Debug|Any CPU.ActiveCfg = Debug|Any CPU
		{A595F4C7-5AA9-4268-A1DB-9BC67F26E2FB}.Debug|Any CPU.Build.0 = Debug|Any CPU
		{A595F4C7-5AA9-4268-A1DB-9BC67F26E2FB}.Release|Any CPU.ActiveCfg = Release|Any CPU
		{A595F4C7-5AA9-4268-A1DB-9BC67F26E2FB}.Release|Any CPU.Build.0 = Release|Any CPU
	EndGlobalSection
	GlobalSection(NestedProjects) = preSolution
		{AE473498-518B-4F76-B3A3-3706BBF5548C} = {DAD36D7E-BF85-4C20-A7F2-78D43F780DC7}
		{2012E763-061A-45A9-B3FF-F5F6F01CCF32} = {DAD36D7E-BF85-4C20-A7F2-78D43F780DC7}
		{45E856E1-A62C-470A-B490-BF8F695970DE} = {DAD36D7E-BF85-4C20-A7F2-78D43F780DC7}
		{A595F4C7-5AA9-4268-A1DB-9BC67F26E2FB} = {4B817C83-EC62-4119-9D47-54054AA05FB2}
	EndGlobalSection
	GlobalSection(SolutionConfigurationPlatforms) = preSolution
		Debug|Any CPU = Debug|Any CPU
		Release|Any CPU = Release|Any CPU
	EndGlobalSection
EndGlobal
